
Microsoft Visual Studio Solution File, Format Version 12.00
# Visual Studio 15
VisualStudioVersion = 15.0.27004.2009
MinimumVisualStudioVersion = 10.0.40219.1
Project("{FAE04EC0-301F-11D3-BF4B-00C04F79EFBC}") = "World Refill Updated", "World Refill Updated\World Refill Updated.csproj", "{ADD1270E-3EE7-4D5A-9935-11085D04C6A0}"
EndProject
Global
	GlobalSection(SolutionConfigurationPlatforms) = preSolution
		Debug|Any CPU = Debug|Any CPU
		Release|Any CPU = Release|Any CPU
	EndGlobalSection
	GlobalSection(ProjectConfigurationPlatforms) = postSolution
		{ADD1270E-3EE7-4D5A-9935-11085D04C6A0}.Debug|Any CPU.ActiveCfg = Debug|Any CPU
		{ADD1270E-3EE7-4D5A-9935-11085D04C6A0}.Debug|Any CPU.Build.0 = Debug|Any CPU
		{ADD1270E-3EE7-4D5A-9935-11085D04C6A0}.Release|Any CPU.ActiveCfg = Release|Any CPU
		{ADD1270E-3EE7-4D5A-9935-11085D04C6A0}.Release|Any CPU.Build.0 = Release|Any CPU
	EndGlobalSection
	GlobalSection(SolutionProperties) = preSolution
		HideSolutionNode = FALSE
	EndGlobalSection
	GlobalSection(ExtensibilityGlobals) = postSolution
		SolutionGuid = {A936D2CE-45BE-4105-8C60-FAA3A43859FF}
	EndGlobalSection
EndGlobal
